
Microsoft Visual Studio Solution File, Format Version 12.00
# Visual Studio Version 17
VisualStudioVersion = 17.13.35605.110 d17.13
MinimumVisualStudioVersion = 10.0.40219.1
Project("{54A90642-561A-4BB1-A94E-469ADEE60C69}") = "socialmediaapp.client", "socialmediaapp.client\socialmediaapp.client.esproj", "{28EF39E8-AE95-32A4-012C-2DAF83770056}"
EndProject
Project("{FAE04EC0-301F-11D3-BF4B-00C04F79EFBC}") = "SocialMediaApp.Server", "SocialMediaApp.Server\SocialMediaApp.Server.csproj", "{276F8306-C0BE-4A1B-88D5-A40D1BB0C3E4}"
EndProject
Global
	GlobalSection(SolutionConfigurationPlatforms) = preSolution
		Debug|Any CPU = Debug|Any CPU
		Release|Any CPU = Release|Any CPU
	EndGlobalSection
	GlobalSection(ProjectConfigurationPlatforms) = postSolution
		{28EF39E8-AE95-32A4-012C-2DAF83770056}.Debug|Any CPU.ActiveCfg = Debug|Any CPU
		{28EF39E8-AE95-32A4-012C-2DAF83770056}.Debug|Any CPU.Build.0 = Debug|Any CPU
		{28EF39E8-AE95-32A4-012C-2DAF83770056}.Debug|Any CPU.Deploy.0 = Debug|Any CPU
		{28EF39E8-AE95-32A4-012C-2DAF83770056}.Release|Any CPU.ActiveCfg = Release|Any CPU
		{28EF39E8-AE95-32A4-012C-2DAF83770056}.Release|Any CPU.Build.0 = Release|Any CPU
		{28EF39E8-AE95-32A4-012C-2DAF83770056}.Release|Any CPU.Deploy.0 = Release|Any CPU
		{276F8306-C0BE-4A1B-88D5-A40D1BB0C3E4}.Debug|Any CPU.ActiveCfg = Debug|Any CPU
		{276F8306-C0BE-4A1B-88D5-A40D1BB0C3E4}.Debug|Any CPU.Build.0 = Debug|Any CPU
		{276F8306-C0BE-4A1B-88D5-A40D1BB0C3E4}.Release|Any CPU.ActiveCfg = Release|Any CPU
		{276F8306-C0BE-4A1B-88D5-A40D1BB0C3E4}.Release|Any CPU.Build.0 = Release|Any CPU
	EndGlobalSection
	GlobalSection(SolutionProperties) = preSolution
		HideSolutionNode = FALSE
	EndGlobalSection
	GlobalSection(ExtensibilityGlobals) = postSolution
		SolutionGuid = {9A7F1DE7-E0AA-438A-9B73-F8D012049D69}
	EndGlobalSection
EndGlobal
